
Microsoft Visual Studio Solution File, Format Version 12.00
# Visual Studio Version 17
VisualStudioVersion = 17.6.33815.320
MinimumVisualStudioVersion = 10.0.40219.1
Project("{9A19103F-16F7-4668-BE54-9A1E7A4F7556}") = "listas-charp", "listas-charp.csproj", "{2DBC1489-3E39-4978-AFB9-2D9ABD120A0C}"
EndProject
Global
	GlobalSection(SolutionConfigurationPlatforms) = preSolution
		Debug|Any CPU = Debug|Any CPU
		Release|Any CPU = Release|Any CPU
	EndGlobalSection
	GlobalSection(ProjectConfigurationPlatforms) = postSolution
		{2DBC1489-3E39-4978-AFB9-2D9ABD120A0C}.Debug|Any CPU.ActiveCfg = Debug|Any CPU
		{2DBC1489-3E39-4978-AFB9-2D9ABD120A0C}.Debug|Any CPU.Build.0 = Debug|Any CPU
		{2DBC1489-3E39-4978-AFB9-2D9ABD120A0C}.Release|Any CPU.ActiveCfg = Release|Any CPU
		{2DBC1489-3E39-4978-AFB9-2D9ABD120A0C}.Release|Any CPU.Build.0 = Release|Any CPU
	EndGlobalSection
	GlobalSection(SolutionProperties) = preSolution
		HideSolutionNode = FALSE
	EndGlobalSection
	GlobalSection(ExtensibilityGlobals) = postSolution
		SolutionGuid = {23B60E43-10D2-421D-9232-53191CB91519}
	EndGlobalSection
EndGlobal
